
Microsoft Visual Studio Solution File, Format Version 12.00
# Visual Studio Version 17
VisualStudioVersion = 17.9.34728.123
MinimumVisualStudioVersion = 10.0.40219.1
Project("{9A19103F-16F7-4668-BE54-9A1E7A4F7556}") = "01-Variables", "01-Variables\01-Variables.csproj", "{86E2E779-25D2-435E-A3B4-5AF8DB6C3A0E}"
EndProject
Project("{9A19103F-16F7-4668-BE54-9A1E7A4F7556}") = "02-TipodeDatos", "02-TipodeDatos\02-TipodeDatos.csproj", "{72A80096-A761-43B0-B3FF-CCFA4DF3B65C}"
EndProject
Project("{9A19103F-16F7-4668-BE54-9A1E7A4F7556}") = "03-Funciones", "03-Funciones\03-Funciones.csproj", "{EA219905-FCBD-4AA0-959D-C8257CFB6B9D}"
EndProject
Project("{9A19103F-16F7-4668-BE54-9A1E7A4F7556}") = "04-IfElse", "04-IfElse\04-IfElse.csproj", "{F99858B0-5BDA-4ECA-ABC4-88F4B54EEA78}"
EndProject
Project("{9A19103F-16F7-4668-BE54-9A1E7A4F7556}") = "05-Switch", "05-Switch\05-Switch.csproj", "{69C3C70F-09B7-42E9-9644-6960FA944B73}"
EndProject
Project("{9A19103F-16F7-4668-BE54-9A1E7A4F7556}") = "06-Arreglos", "06-Arreglos\06-Arreglos.csproj", "{0D8D98D7-25DB-4641-A385-734673832D14}"
EndProject
Project("{9A19103F-16F7-4668-BE54-9A1E7A4F7556}") = "07-While", "07-While\07-While.csproj", "{D7C3AA24-2D88-4A92-8E16-15DD855BF75E}"
EndProject
Project("{2150E333-8FDC-42A3-9474-1A3956D46DE8}") = "01-Bases", "01-Bases", "{1EAD906C-7952-4750-A07C-C351113311E7}"
EndProject
Project("{2150E333-8FDC-42A3-9474-1A3956D46DE8}") = "02-POO", "02-POO", "{86CF2568-1E5A-4501-A8D4-5A1F384E158C}"
EndProject
Project("{FAE04EC0-301F-11D3-BF4B-00C04F79EFBC}") = "01-ClasesYObjetos", "ClasesYObjetos\01-ClasesYObjetos.csproj", "{29C38FD3-A146-4E1B-B9BE-22F4FA6984FC}"
EndProject
Project("{FAE04EC0-301F-11D3-BF4B-00C04F79EFBC}") = "02-Propiedades", "02-Propiedades\02-Propiedades.csproj", "{B27D237D-3DDA-4960-AEF8-6C4805B19BBF}"
EndProject
Project("{FAE04EC0-301F-11D3-BF4B-00C04F79EFBC}") = "03-Herencia", "03-Herencia\03-Herencia.csproj", "{B2534AA7-56C8-430E-8CDA-F1FBE16FF4F3}"
EndProject
Global
	GlobalSection(SolutionConfigurationPlatforms) = preSolution
		Debug|Any CPU = Debug|Any CPU
		Release|Any CPU = Release|Any CPU
	EndGlobalSection
	GlobalSection(ProjectConfigurationPlatforms) = postSolution
		{86E2E779-25D2-435E-A3B4-5AF8DB6C3A0E}.Debug|Any CPU.ActiveCfg = Debug|Any CPU
		{86E2E779-25D2-435E-A3B4-5AF8DB6C3A0E}.Debug|Any CPU.Build.0 = Debug|Any CPU
		{86E2E779-25D2-435E-A3B4-5AF8DB6C3A0E}.Release|Any CPU.ActiveCfg = Release|Any CPU
		{86E2E779-25D2-435E-A3B4-5AF8DB6C3A0E}.Release|Any CPU.Build.0 = Release|Any CPU
		{72A80096-A761-43B0-B3FF-CCFA4DF3B65C}.Debug|Any CPU.ActiveCfg = Debug|Any CPU
		{72A80096-A761-43B0-B3FF-CCFA4DF3B65C}.Debug|Any CPU.Build.0 = Debug|Any CPU
		{72A80096-A761-43B0-B3FF-CCFA4DF3B65C}.Release|Any CPU.ActiveCfg = Release|Any CPU
		{72A80096-A761-43B0-B3FF-CCFA4DF3B65C}.Release|Any CPU.Build.0 = Release|Any CPU
		{EA219905-FCBD-4AA0-959D-C8257CFB6B9D}.Debug|Any CPU.ActiveCfg = Debug|Any CPU
		{EA219905-FCBD-4AA0-959D-C8257CFB6B9D}.Debug|Any CPU.Build.0 = Debug|Any CPU
		{EA219905-FCBD-4AA0-959D-C8257CFB6B9D}.Release|Any CPU.ActiveCfg = Release|Any CPU
		{EA219905-FCBD-4AA0-959D-C8257CFB6B9D}.Release|Any CPU.Build.0 = Release|Any CPU
		{F99858B0-5BDA-4ECA-ABC4-88F4B54EEA78}.Debug|Any CPU.ActiveCfg = Debug|Any CPU
		{F99858B0-5BDA-4ECA-ABC4-88F4B54EEA78}.Debug|Any CPU.Build.0 = Debug|Any CPU
		{F99858B0-5BDA-4ECA-ABC4-88F4B54EEA78}.Release|Any CPU.ActiveCfg = Release|Any CPU
		{F99858B0-5BDA-4ECA-ABC4-88F4B54EEA78}.Release|Any CPU.Build.0 = Release|Any CPU
		{69C3C70F-09B7-42E9-9644-6960FA944B73}.Debug|Any CPU.ActiveCfg = Debug|Any CPU
		{69C3C70F-09B7-42E9-9644-6960FA944B73}.Debug|Any CPU.Build.0 = Debug|Any CPU
		{69C3C70F-09B7-42E9-9644-6960FA944B73}.Release|Any CPU.ActiveCfg = Release|Any CPU
		{69C3C70F-09B7-42E9-9644-6960FA944B73}.Release|Any CPU.Build.0 = Release|Any CPU
		{0D8D98D7-25DB-4641-A385-734673832D14}.Debug|Any CPU.ActiveCfg = Debug|Any CPU
		{0D8D98D7-25DB-4641-A385-734673832D14}.Debug|Any CPU.Build.0 = Debug|Any CPU
		{0D8D98D7-25DB-4641-A385-734673832D14}.Release|Any CPU.ActiveCfg = Release|Any CPU
		{0D8D98D7-25DB-4641-A385-734673832D14}.Release|Any CPU.Build.0 = Release|Any CPU
		{D7C3AA24-2D88-4A92-8E16-15DD855BF75E}.Debug|Any CPU.ActiveCfg = Debug|Any CPU
		{D7C3AA24-2D88-4A92-8E16-15DD855BF75E}.Debug|Any CPU.Build.0 = Debug|Any CPU
		{D7C3AA24-2D88-4A92-8E16-15DD855BF75E}.Release|Any CPU.ActiveCfg = Release|Any CPU
		{D7C3AA24-2D88-4A92-8E16-15DD855BF75E}.Release|Any CPU.Build.0 = Release|Any CPU
		{29C38FD3-A146-4E1B-B9BE-22F4FA6984FC}.Debug|Any CPU.ActiveCfg = Debug|Any CPU
		{29C38FD3-A146-4E1B-B9BE-22F4FA6984FC}.Debug|Any CPU.Build.0 = Debug|Any CPU
		{29C38FD3-A146-4E1B-B9BE-22F4FA6984FC}.Release|Any CPU.ActiveCfg = Release|Any CPU
		{29C38FD3-A146-4E1B-B9BE-22F4FA6984FC}.Release|Any CPU.Build.0 = Release|Any CPU
		{B27D237D-3DDA-4960-AEF8-6C4805B19BBF}.Debug|Any CPU.ActiveCfg = Debug|Any CPU
		{B27D237D-3DDA-4960-AEF8-6C4805B19BBF}.Debug|Any CPU.Build.0 = Debug|Any CPU
		{B27D237D-3DDA-4960-AEF8-6C4805B19BBF}.Release|Any CPU.ActiveCfg = Release|Any CPU
		{B27D237D-3DDA-4960-AEF8-6C4805B19BBF}.Release|Any CPU.Build.0 = Release|Any CPU
		{B2534AA7-56C8-430E-8CDA-F1FBE16FF4F3}.Debug|Any CPU.ActiveCfg = Debug|Any CPU
		{B2534AA7-56C8-430E-8CDA-F1FBE16FF4F3}.Debug|Any CPU.Build.0 = Debug|Any CPU
		{B2534AA7-56C8-430E-8CDA-F1FBE16FF4F3}.Release|Any CPU.ActiveCfg = Release|Any CPU
		{B2534AA7-56C8-430E-8CDA-F1FBE16FF4F3}.Release|Any CPU.Build.0 = Release|Any CPU
	EndGlobalSection
	GlobalSection(SolutionProperties) = preSolution
		HideSolutionNode = FALSE
	EndGlobalSection
	GlobalSection(NestedProjects) = preSolution
		{86E2E779-25D2-435E-A3B4-5AF8DB6C3A0E} = {1EAD906C-7952-4750-A07C-C351113311E7}
		{72A80096-A761-43B0-B3FF-CCFA4DF3B65C} = {1EAD906C-7952-4750-A07C-C351113311E7}
		{EA219905-FCBD-4AA0-959D-C8257CFB6B9D} = {1EAD906C-7952-4750-A07C-C351113311E7}
		{F99858B0-5BDA-4ECA-ABC4-88F4B54EEA78} = {1EAD906C-7952-4750-A07C-C351113311E7}
		{69C3C70F-09B7-42E9-9644-6960FA944B73} = {1EAD906C-7952-4750-A07C-C351113311E7}
		{0D8D98D7-25DB-4641-A385-734673832D14} = {1EAD906C-7952-4750-A07C-C351113311E7}
		{D7C3AA24-2D88-4A92-8E16-15DD855BF75E} = {1EAD906C-7952-4750-A07C-C351113311E7}
		{29C38FD3-A146-4E1B-B9BE-22F4FA6984FC} = {86CF2568-1E5A-4501-A8D4-5A1F384E158C}
		{B27D237D-3DDA-4960-AEF8-6C4805B19BBF} = {86CF2568-1E5A-4501-A8D4-5A1F384E158C}
		{B2534AA7-56C8-430E-8CDA-F1FBE16FF4F3} = {86CF2568-1E5A-4501-A8D4-5A1F384E158C}
	EndGlobalSection
	GlobalSection(ExtensibilityGlobals) = postSolution
		SolutionGuid = {70E46EF3-B920-45B6-A194-BEB4731858D2}
	EndGlobalSection
EndGlobal
